
Microsoft Visual Studio Solution File, Format Version 12.00
# Visual Studio Version 16
VisualStudioVersion = 25.0.1700.2
MinimumVisualStudioVersion = 10.0.40219.1
Project("{FAE04EC0-301F-11D3-BF4B-00C04F79EFBC}") = "Maui00", "Maui00\Maui00.csproj", "{AF3DF948-1A5B-4603-8AC1-66B8AF96C214}"
EndProject
Project("{FAE04EC0-301F-11D3-BF4B-00C04F79EFBC}") = "Maui01Hello", "Maui01Hello\Maui01Hello.csproj", "{5DFF7206-AD20-45AF-9C0B-3C97EEF0E430}"
EndProject
Project("{FAE04EC0-301F-11D3-BF4B-00C04F79EFBC}") = "Maui02DI", "Maui02DI\Maui02DI.csproj", "{A6EF1246-EF42-4ABB-93B5-CCACC2542BF0}"
EndProject
Project("{FAE04EC0-301F-11D3-BF4B-00C04F79EFBC}") = "Maui03Handler", "Maui03Handler\Maui03Handler.csproj", "{2B64AB5B-92AB-4FB9-9E5E-8B62A5D7551E}"
EndProject
Project("{2150E333-8FDC-42A3-9474-1A3956D46DE8}") = "Solution Items", "Solution Items", "{F8F797D4-7557-42D0-BA9C-54F2ED06676F}"
	ProjectSection(SolutionItems) = preProject
		.editorconfig = .editorconfig
	EndProjectSection
EndProject
Project("{FAE04EC0-301F-11D3-BF4B-00C04F79EFBC}") = "Maui04CollectionView", "Maui04CollectionView\Maui04CollectionView.csproj", "{824E9C6A-40B2-4B50-A5A6-2C5418CC4F63}"
EndProject
Project("{FAE04EC0-301F-11D3-BF4B-00C04F79EFBC}") = "Maui05Mvvm", "Maui05Mvvm\Maui05Mvvm.csproj", "{5D3EE8C2-2CDB-4EB6-BAFA-50DEA4DD2F77}"
EndProject
Project("{FAE04EC0-301F-11D3-BF4B-00C04F79EFBC}") = "Maui06Carusel", "Maui06Carusel\Maui06Carusel.csproj", "{997A6312-A460-40E6-9F29-30E3022D3D46}"
EndProject
Project("{FAE04EC0-301F-11D3-BF4B-00C04F79EFBC}") = "Maui07ExFish", "Maui07ExFish\Maui07ExFish.csproj", "{E5672C6A-71F1-4EC4-A1EA-1C998ABC45A4}"
EndProject
Project("{FAE04EC0-301F-11D3-BF4B-00C04F79EFBC}") = "Maui08ExWeather", "Maui08ExWeather\Maui08ExWeather.csproj", "{880868FF-C34C-4AA3-B203-1FFA0F0F4A67}"
EndProject
Project("{FAE04EC0-301F-11D3-BF4B-00C04F79EFBC}") = "Maui09ExBeautyUI", "Maui09ExBeautyUI\Maui09ExBeautyUI.csproj", "{AD4DD589-4AE8-4364-8439-9B5FC646EC70}"
EndProject
Project("{FAE04EC0-301F-11D3-BF4B-00C04F79EFBC}") = "Maui10ExWeather", "Maui10ExWeather\Maui10ExWeather.csproj", "{2741ABBF-24EE-413C-8A71-1FA0CB7F0179}"
EndProject
Global
	GlobalSection(SolutionConfigurationPlatforms) = preSolution
		Debug|Any CPU = Debug|Any CPU
		Debug|x64 = Debug|x64
		Debug|x86 = Debug|x86
		Release|Any CPU = Release|Any CPU
		Release|x64 = Release|x64
		Release|x86 = Release|x86
	EndGlobalSection
	GlobalSection(ProjectConfigurationPlatforms) = postSolution
		{5DFF7206-AD20-45AF-9C0B-3C97EEF0E430}.Debug|Any CPU.ActiveCfg = Debug|Any CPU
		{5DFF7206-AD20-45AF-9C0B-3C97EEF0E430}.Debug|Any CPU.Build.0 = Debug|Any CPU
		{5DFF7206-AD20-45AF-9C0B-3C97EEF0E430}.Debug|x64.ActiveCfg = Debug|Any CPU
		{5DFF7206-AD20-45AF-9C0B-3C97EEF0E430}.Debug|x64.Build.0 = Debug|Any CPU
		{5DFF7206-AD20-45AF-9C0B-3C97EEF0E430}.Debug|x86.ActiveCfg = Debug|Any CPU
		{5DFF7206-AD20-45AF-9C0B-3C97EEF0E430}.Debug|x86.Build.0 = Debug|Any CPU
		{5DFF7206-AD20-45AF-9C0B-3C97EEF0E430}.Release|Any CPU.ActiveCfg = Release|Any CPU
		{5DFF7206-AD20-45AF-9C0B-3C97EEF0E430}.Release|Any CPU.Build.0 = Release|Any CPU
		{5DFF7206-AD20-45AF-9C0B-3C97EEF0E430}.Release|x64.ActiveCfg = Release|Any CPU
		{5DFF7206-AD20-45AF-9C0B-3C97EEF0E430}.Release|x64.Build.0 = Release|Any CPU
		{5DFF7206-AD20-45AF-9C0B-3C97EEF0E430}.Release|x86.ActiveCfg = Release|Any CPU
		{5DFF7206-AD20-45AF-9C0B-3C97EEF0E430}.Release|x86.Build.0 = Release|Any CPU
		{A6EF1246-EF42-4ABB-93B5-CCACC2542BF0}.Debug|Any CPU.ActiveCfg = Debug|Any CPU
		{A6EF1246-EF42-4ABB-93B5-CCACC2542BF0}.Debug|Any CPU.Build.0 = Debug|Any CPU
		{A6EF1246-EF42-4ABB-93B5-CCACC2542BF0}.Debug|x64.ActiveCfg = Debug|Any CPU
		{A6EF1246-EF42-4ABB-93B5-CCACC2542BF0}.Debug|x64.Build.0 = Debug|Any CPU
		{A6EF1246-EF42-4ABB-93B5-CCACC2542BF0}.Debug|x86.ActiveCfg = Debug|Any CPU
		{A6EF1246-EF42-4ABB-93B5-CCACC2542BF0}.Debug|x86.Build.0 = Debug|Any CPU
		{A6EF1246-EF42-4ABB-93B5-CCACC2542BF0}.Release|Any CPU.ActiveCfg = Release|Any CPU
		{A6EF1246-EF42-4ABB-93B5-CCACC2542BF0}.Release|Any CPU.Build.0 = Release|Any CPU
		{A6EF1246-EF42-4ABB-93B5-CCACC2542BF0}.Release|x64.ActiveCfg = Release|Any CPU
		{A6EF1246-EF42-4ABB-93B5-CCACC2542BF0}.Release|x64.Build.0 = Release|Any CPU
		{A6EF1246-EF42-4ABB-93B5-CCACC2542BF0}.Release|x86.ActiveCfg = Release|Any CPU
		{A6EF1246-EF42-4ABB-93B5-CCACC2542BF0}.Release|x86.Build.0 = Release|Any CPU
		{2B64AB5B-92AB-4FB9-9E5E-8B62A5D7551E}.Debug|Any CPU.ActiveCfg = Debug|Any CPU
		{2B64AB5B-92AB-4FB9-9E5E-8B62A5D7551E}.Debug|Any CPU.Build.0 = Debug|Any CPU
		{2B64AB5B-92AB-4FB9-9E5E-8B62A5D7551E}.Debug|x64.ActiveCfg = Debug|Any CPU
		{2B64AB5B-92AB-4FB9-9E5E-8B62A5D7551E}.Debug|x64.Build.0 = Debug|Any CPU
		{2B64AB5B-92AB-4FB9-9E5E-8B62A5D7551E}.Debug|x86.ActiveCfg = Debug|Any CPU
		{2B64AB5B-92AB-4FB9-9E5E-8B62A5D7551E}.Debug|x86.Build.0 = Debug|Any CPU
		{2B64AB5B-92AB-4FB9-9E5E-8B62A5D7551E}.Release|Any CPU.ActiveCfg = Release|Any CPU
		{2B64AB5B-92AB-4FB9-9E5E-8B62A5D7551E}.Release|Any CPU.Build.0 = Release|Any CPU
		{2B64AB5B-92AB-4FB9-9E5E-8B62A5D7551E}.Release|x64.ActiveCfg = Release|Any CPU
		{2B64AB5B-92AB-4FB9-9E5E-8B62A5D7551E}.Release|x64.Build.0 = Release|Any CPU
		{2B64AB5B-92AB-4FB9-9E5E-8B62A5D7551E}.Release|x86.ActiveCfg = Release|Any CPU
		{2B64AB5B-92AB-4FB9-9E5E-8B62A5D7551E}.Release|x86.Build.0 = Release|Any CPU
		{824E9C6A-40B2-4B50-A5A6-2C5418CC4F63}.Debug|Any CPU.ActiveCfg = Debug|Any CPU
		{824E9C6A-40B2-4B50-A5A6-2C5418CC4F63}.Debug|Any CPU.Build.0 = Debug|Any CPU
		{824E9C6A-40B2-4B50-A5A6-2C5418CC4F63}.Debug|x64.ActiveCfg = Debug|Any CPU
		{824E9C6A-40B2-4B50-A5A6-2C5418CC4F63}.Debug|x64.Build.0 = Debug|Any CPU
		{824E9C6A-40B2-4B50-A5A6-2C5418CC4F63}.Debug|x86.ActiveCfg = Debug|Any CPU
		{824E9C6A-40B2-4B50-A5A6-2C5418CC4F63}.Debug|x86.Build.0 = Debug|Any CPU
		{824E9C6A-40B2-4B50-A5A6-2C5418CC4F63}.Release|Any CPU.ActiveCfg = Release|Any CPU
		{824E9C6A-40B2-4B50-A5A6-2C5418CC4F63}.Release|Any CPU.Build.0 = Release|Any CPU
		{824E9C6A-40B2-4B50-A5A6-2C5418CC4F63}.Release|x64.ActiveCfg = Release|Any CPU
		{824E9C6A-40B2-4B50-A5A6-2C5418CC4F63}.Release|x64.Build.0 = Release|Any CPU
		{824E9C6A-40B2-4B50-A5A6-2C5418CC4F63}.Release|x86.ActiveCfg = Release|Any CPU
		{824E9C6A-40B2-4B50-A5A6-2C5418CC4F63}.Release|x86.Build.0 = Release|Any CPU
		{5D3EE8C2-2CDB-4EB6-BAFA-50DEA4DD2F77}.Debug|Any CPU.ActiveCfg = Debug|Any CPU
		{5D3EE8C2-2CDB-4EB6-BAFA-50DEA4DD2F77}.Debug|Any CPU.Build.0 = Debug|Any CPU
		{5D3EE8C2-2CDB-4EB6-BAFA-50DEA4DD2F77}.Debug|x64.ActiveCfg = Debug|Any CPU
		{5D3EE8C2-2CDB-4EB6-BAFA-50DEA4DD2F77}.Debug|x64.Build.0 = Debug|Any CPU
		{5D3EE8C2-2CDB-4EB6-BAFA-50DEA4DD2F77}.Debug|x86.ActiveCfg = Debug|Any CPU
		{5D3EE8C2-2CDB-4EB6-BAFA-50DEA4DD2F77}.Debug|x86.Build.0 = Debug|Any CPU
		{5D3EE8C2-2CDB-4EB6-BAFA-50DEA4DD2F77}.Release|Any CPU.ActiveCfg = Release|Any CPU
		{5D3EE8C2-2CDB-4EB6-BAFA-50DEA4DD2F77}.Release|Any CPU.Build.0 = Release|Any CPU
		{5D3EE8C2-2CDB-4EB6-BAFA-50DEA4DD2F77}.Release|x64.ActiveCfg = Release|Any CPU
		{5D3EE8C2-2CDB-4EB6-BAFA-50DEA4DD2F77}.Release|x64.Build.0 = Release|Any CPU
		{5D3EE8C2-2CDB-4EB6-BAFA-50DEA4DD2F77}.Release|x86.ActiveCfg = Release|Any CPU
		{5D3EE8C2-2CDB-4EB6-BAFA-50DEA4DD2F77}.Release|x86.Build.0 = Release|Any CPU
		{997A6312-A460-40E6-9F29-30E3022D3D46}.Debug|Any CPU.ActiveCfg = Debug|Any CPU
		{997A6312-A460-40E6-9F29-30E3022D3D46}.Debug|Any CPU.Build.0 = Debug|Any CPU
		{997A6312-A460-40E6-9F29-30E3022D3D46}.Debug|x64.ActiveCfg = Debug|Any CPU
		{997A6312-A460-40E6-9F29-30E3022D3D46}.Debug|x64.Build.0 = Debug|Any CPU
		{997A6312-A460-40E6-9F29-30E3022D3D46}.Debug|x86.ActiveCfg = Debug|Any CPU
		{997A6312-A460-40E6-9F29-30E3022D3D46}.Debug|x86.Build.0 = Debug|Any CPU
		{997A6312-A460-40E6-9F29-30E3022D3D46}.Release|Any CPU.ActiveCfg = Release|Any CPU
		{997A6312-A460-40E6-9F29-30E3022D3D46}.Release|Any CPU.Build.0 = Release|Any CPU
		{997A6312-A460-40E6-9F29-30E3022D3D46}.Release|x64.ActiveCfg = Release|Any CPU
		{997A6312-A460-40E6-9F29-30E3022D3D46}.Release|x64.Build.0 = Release|Any CPU
		{997A6312-A460-40E6-9F29-30E3022D3D46}.Release|x86.ActiveCfg = Release|Any CPU
		{997A6312-A460-40E6-9F29-30E3022D3D46}.Release|x86.Build.0 = Release|Any CPU
		{E5672C6A-71F1-4EC4-A1EA-1C998ABC45A4}.Debug|Any CPU.ActiveCfg = Debug|Any CPU
		{E5672C6A-71F1-4EC4-A1EA-1C998ABC45A4}.Debug|Any CPU.Build.0 = Debug|Any CPU
		{E5672C6A-71F1-4EC4-A1EA-1C998ABC45A4}.Debug|x64.ActiveCfg = Debug|Any CPU
		{E5672C6A-71F1-4EC4-A1EA-1C998ABC45A4}.Debug|x64.Build.0 = Debug|Any CPU
		{E5672C6A-71F1-4EC4-A1EA-1C998ABC45A4}.Debug|x86.ActiveCfg = Debug|Any CPU
		{E5672C6A-71F1-4EC4-A1EA-1C998ABC45A4}.Debug|x86.Build.0 = Debug|Any CPU
		{E5672C6A-71F1-4EC4-A1EA-1C998ABC45A4}.Release|Any CPU.ActiveCfg = Release|Any CPU
		{E5672C6A-71F1-4EC4-A1EA-1C998ABC45A4}.Release|Any CPU.Build.0 = Release|Any CPU
		{E5672C6A-71F1-4EC4-A1EA-1C998ABC45A4}.Release|x64.ActiveCfg = Release|Any CPU
		{E5672C6A-71F1-4EC4-A1EA-1C998ABC45A4}.Release|x64.Build.0 = Release|Any CPU
		{E5672C6A-71F1-4EC4-A1EA-1C998ABC45A4}.Release|x86.ActiveCfg = Release|Any CPU
		{E5672C6A-71F1-4EC4-A1EA-1C998ABC45A4}.Release|x86.Build.0 = Release|Any CPU
		{AF3DF948-1A5B-4603-8AC1-66B8AF96C214}.Debug|Any CPU.ActiveCfg = Debug|Any CPU
		{AF3DF948-1A5B-4603-8AC1-66B8AF96C214}.Debug|Any CPU.Build.0 = Debug|Any CPU
		{AF3DF948-1A5B-4603-8AC1-66B8AF96C214}.Debug|x64.ActiveCfg = Debug|Any CPU
		{AF3DF948-1A5B-4603-8AC1-66B8AF96C214}.Debug|x64.Build.0 = Debug|Any CPU
		{AF3DF948-1A5B-4603-8AC1-66B8AF96C214}.Debug|x86.ActiveCfg = Debug|Any CPU
		{AF3DF948-1A5B-4603-8AC1-66B8AF96C214}.Debug|x86.Build.0 = Debug|Any CPU
		{AF3DF948-1A5B-4603-8AC1-66B8AF96C214}.Release|Any CPU.ActiveCfg = Release|Any CPU
		{AF3DF948-1A5B-4603-8AC1-66B8AF96C214}.Release|Any CPU.Build.0 = Release|Any CPU
		{AF3DF948-1A5B-4603-8AC1-66B8AF96C214}.Release|x64.ActiveCfg = Release|Any CPU
		{AF3DF948-1A5B-4603-8AC1-66B8AF96C214}.Release|x64.Build.0 = Release|Any CPU
		{AF3DF948-1A5B-4603-8AC1-66B8AF96C214}.Release|x86.ActiveCfg = Release|Any CPU
		{AF3DF948-1A5B-4603-8AC1-66B8AF96C214}.Release|x86.Build.0 = Release|Any CPU
		{880868FF-C34C-4AA3-B203-1FFA0F0F4A67}.Debug|Any CPU.ActiveCfg = Debug|Any CPU
		{880868FF-C34C-4AA3-B203-1FFA0F0F4A67}.Debug|Any CPU.Build.0 = Debug|Any CPU
		{880868FF-C34C-4AA3-B203-1FFA0F0F4A67}.Debug|x64.ActiveCfg = Debug|Any CPU
		{880868FF-C34C-4AA3-B203-1FFA0F0F4A67}.Debug|x64.Build.0 = Debug|Any CPU
		{880868FF-C34C-4AA3-B203-1FFA0F0F4A67}.Debug|x86.ActiveCfg = Debug|Any CPU
		{880868FF-C34C-4AA3-B203-1FFA0F0F4A67}.Debug|x86.Build.0 = Debug|Any CPU
		{880868FF-C34C-4AA3-B203-1FFA0F0F4A67}.Release|Any CPU.ActiveCfg = Release|Any CPU
		{880868FF-C34C-4AA3-B203-1FFA0F0F4A67}.Release|Any CPU.Build.0 = Release|Any CPU
		{880868FF-C34C-4AA3-B203-1FFA0F0F4A67}.Release|x64.ActiveCfg = Release|Any CPU
		{880868FF-C34C-4AA3-B203-1FFA0F0F4A67}.Release|x64.Build.0 = Release|Any CPU
		{880868FF-C34C-4AA3-B203-1FFA0F0F4A67}.Release|x86.ActiveCfg = Release|Any CPU
		{880868FF-C34C-4AA3-B203-1FFA0F0F4A67}.Release|x86.Build.0 = Release|Any CPU
		{AD4DD589-4AE8-4364-8439-9B5FC646EC70}.Debug|Any CPU.ActiveCfg = Debug|Any CPU
		{AD4DD589-4AE8-4364-8439-9B5FC646EC70}.Debug|Any CPU.Build.0 = Debug|Any CPU
		{AD4DD589-4AE8-4364-8439-9B5FC646EC70}.Debug|x64.ActiveCfg = Debug|Any CPU
		{AD4DD589-4AE8-4364-8439-9B5FC646EC70}.Debug|x64.Build.0 = Debug|Any CPU
		{AD4DD589-4AE8-4364-8439-9B5FC646EC70}.Debug|x86.ActiveCfg = Debug|Any CPU
		{AD4DD589-4AE8-4364-8439-9B5FC646EC70}.Debug|x86.Build.0 = Debug|Any CPU
		{AD4DD589-4AE8-4364-8439-9B5FC646EC70}.Release|Any CPU.ActiveCfg = Release|Any CPU
		{AD4DD589-4AE8-4364-8439-9B5FC646EC70}.Release|Any CPU.Build.0 = Release|Any CPU
		{AD4DD589-4AE8-4364-8439-9B5FC646EC70}.Release|x64.ActiveCfg = Release|Any CPU
		{AD4DD589-4AE8-4364-8439-9B5FC646EC70}.Release|x64.Build.0 = Release|Any CPU
		{AD4DD589-4AE8-4364-8439-9B5FC646EC70}.Release|x86.ActiveCfg = Release|Any CPU
		{AD4DD589-4AE8-4364-8439-9B5FC646EC70}.Release|x86.Build.0 = Release|Any CPU
		{2741ABBF-24EE-413C-8A71-1FA0CB7F0179}.Debug|Any CPU.ActiveCfg = Debug|Any CPU
		{2741ABBF-24EE-413C-8A71-1FA0CB7F0179}.Debug|Any CPU.Build.0 = Debug|Any CPU
		{2741ABBF-24EE-413C-8A71-1FA0CB7F0179}.Debug|x64.ActiveCfg = Debug|Any CPU
		{2741ABBF-24EE-413C-8A71-1FA0CB7F0179}.Debug|x64.Build.0 = Debug|Any CPU
		{2741ABBF-24EE-413C-8A71-1FA0CB7F0179}.Debug|x86.ActiveCfg = Debug|Any CPU
		{2741ABBF-24EE-413C-8A71-1FA0CB7F0179}.Debug|x86.Build.0 = Debug|Any CPU
		{2741ABBF-24EE-413C-8A71-1FA0CB7F0179}.Release|Any CPU.ActiveCfg = Release|Any CPU
		{2741ABBF-24EE-413C-8A71-1FA0CB7F0179}.Release|Any CPU.Build.0 = Release|Any CPU
		{2741ABBF-24EE-413C-8A71-1FA0CB7F0179}.Release|x64.ActiveCfg = Release|Any CPU
		{2741ABBF-24EE-413C-8A71-1FA0CB7F0179}.Release|x64.Build.0 = Release|Any CPU
		{2741ABBF-24EE-413C-8A71-1FA0CB7F0179}.Release|x86.ActiveCfg = Release|Any CPU
		{2741ABBF-24EE-413C-8A71-1FA0CB7F0179}.Release|x86.Build.0 = Release|Any CPU
	EndGlobalSection
	GlobalSection(SolutionProperties) = preSolution
		HideSolutionNode = FALSE
	EndGlobalSection
	GlobalSection(ExtensibilityGlobals) = postSolution
		SolutionGuid = {C374E5F6-2557-4338-A9E2-70FFE41DD833}
	EndGlobalSection
EndGlobal
